{
  "name": "az_blog",
  "version": "1.0.0",
  "lockfileVersion": 1,
  "requires": true,
  "dependencies": {
    "angular": {
      "version": "1.4.7",
      "resolved": "https://registry.npmjs.org/angular/-/angular-1.4.7.tgz",
      "integrity": "sha1-+JkOccnNGAqEKwfgnggB/oToOHg="
    },
    "angular-animate": {
      "version": "1.4.7",
      "resolved": "https://registry.npmjs.org/angular-animate/-/angular-animate-1.4.7.tgz",
      "integrity": "sha1-Q5nm3TnKTLUczVihngnD6q4O64o="
    },
    "angular-aria": {
      "version": "1.4.7",
      "resolved": "https://registry.npmjs.org/angular-aria/-/angular-aria-1.4.7.tgz",
      "integrity": "sha1-TEsz3UCj1C1VOwurjZaWTdyttlg="
    },
    "angular-messages": {
      "version": "1.4.7",
      "resolved": "https://registry.npmjs.org/angular-messages/-/angular-messages-1.4.7.tgz",
      "integrity": "sha1-ai2/8M/aC9P2YbdHMeaNmU6c/tQ="
    },
    "angular-route": {
      "version": "1.4.7",
      "resolved": "https://registry.npmjs.org/angular-route/-/angular-route-1.4.7.tgz",
      "integrity": "sha1-l5asJSdUcVjNQtdX1p2QqJGm2V8="
    }
  }
}
